
Microsoft Visual Studio Solution File, Format Version 12.00
# Visual Studio Version 17
VisualStudioVersion = 17.12.35527.113
MinimumVisualStudioVersion = 10.0.40219.1
Project("{FAE04EC0-301F-11D3-BF4B-00C04F79EFBC}") = "MuniNet.Base", "MuniNet.Base\MuniNet.Base.csproj", "{BC17567B-965F-4855-AE3E-730C98A324B1}"
EndProject
Project("{2150E333-8FDC-42A3-9474-1A3956D46DE8}") = "Base", "Base", "{92770BCB-D689-44B5-BCA9-AB36631F7433}"
EndProject
Project("{2150E333-8FDC-42A3-9474-1A3956D46DE8}") = "Core", "Core", "{9886B5DE-2B2A-4DD1-BCA4-2A40FA617F8C}"
EndProject
Project("{FAE04EC0-301F-11D3-BF4B-00C04F79EFBC}") = "MuniNet.Core", "MuniNet.Core\MuniNet.Core.csproj", "{13C36966-0287-4A7A-9C2E-8EC77BC81890}"
EndProject
Project("{2150E333-8FDC-42A3-9474-1A3956D46DE8}") = "Tests", "Tests", "{94E96FB0-B76E-4EFE-B910-4E2BDCD381B5}"
EndProject
Project("{2150E333-8FDC-42A3-9474-1A3956D46DE8}") = "Core", "Core", "{D5960535-F997-422F-BF01-AE585EE62C5F}"
EndProject
Project("{FAE04EC0-301F-11D3-BF4B-00C04F79EFBC}") = "MuniNet.Core.Tests", "MuniNet.Core.Tests\MuniNet.Core.Tests.csproj", "{8667F4CC-518D-4B40-9FF7-4EEF083924F0}"
EndProject
Project("{2150E333-8FDC-42A3-9474-1A3956D46DE8}") = "Storage.Memory", "Storage.Memory", "{7E191FE8-C449-4429-9297-1B4C88DB6EC2}"
EndProject
Project("{FAE04EC0-301F-11D3-BF4B-00C04F79EFBC}") = "MuniNet.Storage.Memory", "MuniNet.Storage.Memory\MuniNet.Storage.Memory.csproj", "{B794CD77-87F6-47E5-9DEE-F0CA53E15881}"
EndProject
Project("{2150E333-8FDC-42A3-9474-1A3956D46DE8}") = "Storage.Memory", "Storage.Memory", "{7D93A7D7-ED8E-4297-BA33-7DCBBC5D3E20}"
EndProject
Project("{2150E333-8FDC-42A3-9474-1A3956D46DE8}") = "FirstTest", "FirstTest", "{3325338F-78A1-4ACA-86F4-CA7C67E52A3E}"
EndProject
Global
	GlobalSection(SolutionConfigurationPlatforms) = preSolution
		Debug|Any CPU = Debug|Any CPU
		Release|Any CPU = Release|Any CPU
	EndGlobalSection
	GlobalSection(ProjectConfigurationPlatforms) = postSolution
		{BC17567B-965F-4855-AE3E-730C98A324B1}.Debug|Any CPU.ActiveCfg = Debug|Any CPU
		{BC17567B-965F-4855-AE3E-730C98A324B1}.Debug|Any CPU.Build.0 = Debug|Any CPU
		{BC17567B-965F-4855-AE3E-730C98A324B1}.Release|Any CPU.ActiveCfg = Release|Any CPU
		{BC17567B-965F-4855-AE3E-730C98A324B1}.Release|Any CPU.Build.0 = Release|Any CPU
		{13C36966-0287-4A7A-9C2E-8EC77BC81890}.Debug|Any CPU.ActiveCfg = Debug|Any CPU
		{13C36966-0287-4A7A-9C2E-8EC77BC81890}.Debug|Any CPU.Build.0 = Debug|Any CPU
		{13C36966-0287-4A7A-9C2E-8EC77BC81890}.Release|Any CPU.ActiveCfg = Release|Any CPU
		{13C36966-0287-4A7A-9C2E-8EC77BC81890}.Release|Any CPU.Build.0 = Release|Any CPU
		{8667F4CC-518D-4B40-9FF7-4EEF083924F0}.Debug|Any CPU.ActiveCfg = Debug|Any CPU
		{8667F4CC-518D-4B40-9FF7-4EEF083924F0}.Debug|Any CPU.Build.0 = Debug|Any CPU
		{8667F4CC-518D-4B40-9FF7-4EEF083924F0}.Release|Any CPU.ActiveCfg = Release|Any CPU
		{8667F4CC-518D-4B40-9FF7-4EEF083924F0}.Release|Any CPU.Build.0 = Release|Any CPU
		{B794CD77-87F6-47E5-9DEE-F0CA53E15881}.Debug|Any CPU.ActiveCfg = Debug|Any CPU
		{B794CD77-87F6-47E5-9DEE-F0CA53E15881}.Debug|Any CPU.Build.0 = Debug|Any CPU
		{B794CD77-87F6-47E5-9DEE-F0CA53E15881}.Release|Any CPU.ActiveCfg = Release|Any CPU
		{B794CD77-87F6-47E5-9DEE-F0CA53E15881}.Release|Any CPU.Build.0 = Release|Any CPU
	EndGlobalSection
	GlobalSection(SolutionProperties) = preSolution
		HideSolutionNode = FALSE
	EndGlobalSection
	GlobalSection(NestedProjects) = preSolution
		{BC17567B-965F-4855-AE3E-730C98A324B1} = {92770BCB-D689-44B5-BCA9-AB36631F7433}
		{13C36966-0287-4A7A-9C2E-8EC77BC81890} = {9886B5DE-2B2A-4DD1-BCA4-2A40FA617F8C}
		{D5960535-F997-422F-BF01-AE585EE62C5F} = {94E96FB0-B76E-4EFE-B910-4E2BDCD381B5}
		{8667F4CC-518D-4B40-9FF7-4EEF083924F0} = {D5960535-F997-422F-BF01-AE585EE62C5F}
		{B794CD77-87F6-47E5-9DEE-F0CA53E15881} = {7E191FE8-C449-4429-9297-1B4C88DB6EC2}
		{7D93A7D7-ED8E-4297-BA33-7DCBBC5D3E20} = {94E96FB0-B76E-4EFE-B910-4E2BDCD381B5}
		{3325338F-78A1-4ACA-86F4-CA7C67E52A3E} = {7D93A7D7-ED8E-4297-BA33-7DCBBC5D3E20}
	EndGlobalSection
EndGlobal
